{
  "nodes": {
    "bpmp-virt": {
      "inputs": {
        "flake-utils": "flake-utils",
        "nixpkgs": "nixpkgs"
      },
      "locked": {
        "lastModified": 1697571666,
        "narHash": "sha256-mof8awPdnjNFwc/Ar0qtr+x+2aps21KLudOqT6+3FKw=",
        "owner": "juliuskoskela",
        "repo": "bpmp-virt",
        "rev": "73670fc285c28d994f0c7b926c695b6d749e0ed2",
        "type": "github"
      },
      "original": {
        "owner": "juliuskoskela",
        "repo": "bpmp-virt",
        "type": "github"
      }
    },
    "flake-utils": {
      "inputs": {
        "systems": "systems"
      },
      "locked": {
        "lastModified": 1689068808,
        "narHash": "sha256-6ixXo3wt24N/melDWjq70UuHQLxGV8jZvooRanIHXw0=",
        "owner": "numtide",
        "repo": "flake-utils",
        "rev": "919d646de7be200f3bf08cb76ae1f09402b6f9b4",
        "type": "github"
      },
      "original": {
        "owner": "numtide",
        "repo": "flake-utils",
        "type": "github"
      }
    },
    "flake-utils_2": {
      "inputs": {
        "systems": "systems_2"
      },
      "locked": {
        "lastModified": 1694529238,
        "narHash": "sha256-zsNZZGTGnMOf9YpHKJqMSsa0dXbfmxeoJ7xHlrt+xmY=",
        "owner": "numtide",
        "repo": "flake-utils",
        "rev": "ff7b65b44d01cf9ba6a71320833626af21126384",
        "type": "github"
      },
      "original": {
        "owner": "numtide",
        "repo": "flake-utils",
        "type": "github"
      }
    },
    "ghaf": {
      "inputs": {
        "flake-utils": [
          "flake-utils"
        ],
        "jetpack-nixos": [
          "jetpack-nixos"
        ],
        "microvm": "microvm",
        "nixos-generators": "nixos-generators",
        "nixos-hardware": "nixos-hardware",
        "nixpkgs": [
          "nixpkgs"
        ]
      },
      "locked": {
        "lastModified": 1697292165,
        "narHash": "sha256-U52vC9E5ntXfgHv1FaRygYs+m/Ck9Nh8t4No8Zb6+vE=",
        "owner": "tiiuae",
        "repo": "ghaf",
        "rev": "3b761f9098813ea42af7119bd32228f00f912673",
        "type": "github"
      },
      "original": {
        "owner": "tiiuae",
        "repo": "ghaf",
        "type": "github"
      }
    },
    "jetpack-nixos": {
      "inputs": {
        "nixpkgs": [
          "nixpkgs"
        ]
      },
      "locked": {
        "lastModified": 1697474248,
        "narHash": "sha256-VJ/t7b3Qi2hzx+hxAIFW8z9MZcKqBl4LIAOnYlZIZGY=",
        "owner": "anduril",
        "repo": "jetpack-nixos",
        "rev": "fc823410ed147a40b182159bd8979b8542993c21",
        "type": "github"
      },
      "original": {
        "owner": "anduril",
        "repo": "jetpack-nixos",
        "type": "github"
      }
    },
    "microvm": {
      "inputs": {
        "flake-utils": [
          "ghaf",
          "flake-utils"
        ],
        "nixpkgs": [
          "ghaf",
          "nixpkgs"
        ]
      },
      "locked": {
        "lastModified": 1696405736,
        "narHash": "sha256-Wb8qSpePi/cSLOGr9YStiU4F4w6KyycDlyHXNI8U3xA=",
        "owner": "astro",
        "repo": "microvm.nix",
        "rev": "abd63123e2b2dbc34d1ac38a73578b27ec9ef342",
        "type": "github"
      },
      "original": {
        "owner": "astro",
        "repo": "microvm.nix",
        "type": "github"
      }
    },
    "nixlib": {
      "locked": {
        "lastModified": 1693701915,
        "narHash": "sha256-waHPLdDYUOHSEtMKKabcKIMhlUOHPOOPQ9UyFeEoovs=",
        "owner": "nix-community",
        "repo": "nixpkgs.lib",
        "rev": "f5af57d3ef9947a70ac86e42695231ac1ad00c25",
        "type": "github"
      },
      "original": {
        "owner": "nix-community",
        "repo": "nixpkgs.lib",
        "type": "github"
      }
    },
    "nixos-generators": {
      "inputs": {
        "nixlib": "nixlib",
        "nixpkgs": [
          "ghaf",
          "nixpkgs"
        ]
      },
      "locked": {
        "lastModified": 1693791338,
        "narHash": "sha256-wHmtB5H8AJTUaeGHw+0hsQ6nU4VyvVrP2P4NeCocRzY=",
        "owner": "nix-community",
        "repo": "nixos-generators",
        "rev": "8ee78470029e641cddbd8721496da1316b47d3b4",
        "type": "github"
      },
      "original": {
        "owner": "nix-community",
        "repo": "nixos-generators",
        "type": "github"
      }
    },
    "nixos-hardware": {
      "locked": {
        "lastModified": 1695887975,
        "narHash": "sha256-u3+5FR12dI305jCMb0fJNQx2qwoQ54lv1tPoEWp0hmg=",
        "owner": "NixOS",
        "repo": "nixos-hardware",
        "rev": "adcfd6aa860d1d129055039696bc457af7d50d0e",
        "type": "github"
      },
      "original": {
        "owner": "NixOS",
        "repo": "nixos-hardware",
        "type": "github"
      }
    },
    "nixpkgs": {
      "locked": {
        "lastModified": 1695559356,
        "narHash": "sha256-kXZ1pUoImD9OEbPCwpTz4tHsNTr4CIyIfXb3ocuR8sI=",
        "owner": "nixos",
        "repo": "nixpkgs",
        "rev": "261abe8a44a7e8392598d038d2e01f7b33cf26d0",
        "type": "github"
      },
      "original": {
        "owner": "nixos",
        "ref": "nixos-23.05",
        "repo": "nixpkgs",
        "type": "github"
      }
    },
    "nixpkgs_2": {
      "locked": {
        "lastModified": 1697226376,
        "narHash": "sha256-cumLLb1QOUtWieUnLGqo+ylNt3+fU8Lcv5Zl+tYbRUE=",
        "owner": "nixos",
        "repo": "nixpkgs",
        "rev": "898cb2064b6e98b8c5499f37e81adbdf2925f7c5",
        "type": "github"
      },
      "original": {
        "owner": "nixos",
        "ref": "nixos-23.05",
        "repo": "nixpkgs",
        "type": "github"
      }
    },
    "root": {
      "inputs": {
        "bpmp-virt": "bpmp-virt",
        "flake-utils": "flake-utils_2",
        "ghaf": "ghaf",
        "jetpack-nixos": "jetpack-nixos",
        "nixpkgs": "nixpkgs_2"
      }
    },
    "systems": {
      "locked": {
        "lastModified": 1681028828,
        "narHash": "sha256-Vy1rq5AaRuLzOxct8nz4T6wlgyUR7zLU309k9mBC768=",
        "owner": "nix-systems",
        "repo": "default",
        "rev": "da67096a3b9bf56a91d16901293e51ba5b49a27e",
        "type": "github"
      },
      "original": {
        "owner": "nix-systems",
        "repo": "default",
        "type": "github"
      }
    },
    "systems_2": {
      "locked": {
        "lastModified": 1681028828,
        "narHash": "sha256-Vy1rq5AaRuLzOxct8nz4T6wlgyUR7zLU309k9mBC768=",
        "owner": "nix-systems",
        "repo": "default",
        "rev": "da67096a3b9bf56a91d16901293e51ba5b49a27e",
        "type": "github"
      },
      "original": {
        "owner": "nix-systems",
        "repo": "default",
        "type": "github"
      }
    }
  },
  "root": "root",
  "version": 7
}
